
Microsoft Visual Studio Solution File, Format Version 12.00
# Visual Studio Version 16
VisualStudioVersion = 16.0.31702.278
MinimumVisualStudioVersion = 10.0.40219.1
Project("{FAE04EC0-301F-11D3-BF4B-00C04F79EFBC}") = "CalculadoraBasica", "Calculadora_PARCIAL2_LAB3\CalculadoraBasica.csproj", "{3D446ED1-2C8A-422D-8E2C-683B5A771899}"
EndProject
Global
	GlobalSection(SolutionConfigurationPlatforms) = preSolution
		Debug|Any CPU = Debug|Any CPU
		Release|Any CPU = Release|Any CPU
	EndGlobalSection
	GlobalSection(ProjectConfigurationPlatforms) = postSolution
		{3D446ED1-2C8A-422D-8E2C-683B5A771899}.Debug|Any CPU.ActiveCfg = Debug|Any CPU
		{3D446ED1-2C8A-422D-8E2C-683B5A771899}.Debug|Any CPU.Build.0 = Debug|Any CPU
		{3D446ED1-2C8A-422D-8E2C-683B5A771899}.Release|Any CPU.ActiveCfg = Release|Any CPU
		{3D446ED1-2C8A-422D-8E2C-683B5A771899}.Release|Any CPU.Build.0 = Release|Any CPU
	EndGlobalSection
	GlobalSection(SolutionProperties) = preSolution
		HideSolutionNode = FALSE
	EndGlobalSection
	GlobalSection(ExtensibilityGlobals) = postSolution
		SolutionGuid = {941133A0-AC84-4DC6-A22D-83BAA583CF76}
	EndGlobalSection
EndGlobal
